github.com/gammazero/deque v1.0.0 h1:LTmimT8H7bXkkCy6gZX7zNLtkbz4NdS2z8LZuor3j34=
github.com/gammazero/deque v1.0.0/go.mod h1:iflpYvtGfM3U8S8j+sZEKIak3SAKYpA5/SQewgfXDKo=
github.com/vladopajic/go-actor v0.9.6 h1:MSYIeThkoBTQMOIYcpPe3mUK7ZAqoVAzxLmQg3VAF8w=
github.com/vladopajic/go-actor v0.9.6/go.mod h1:BSoR3LsW0gQGywCRgoIF63vHO2x8aE/9R36rkvjgwXw=
